
Microsoft Visual Studio Solution File, Format Version 12.00
# Visual Studio Version 17
VisualStudioVersion = 17.8.34316.72
MinimumVisualStudioVersion = 10.0.40219.1
Project("{FAE04EC0-301F-11D3-BF4B-00C04F79EFBC}") = "persona_herencia", "persona_herencia.csproj", "{AEBCAF14-8005-43E5-B85C-41D922C514E1}"
EndProject
Global
	GlobalSection(SolutionConfigurationPlatforms) = preSolution
		Debug|Any CPU = Debug|Any CPU
		Release|Any CPU = Release|Any CPU
	EndGlobalSection
	GlobalSection(ProjectConfigurationPlatforms) = postSolution
		{AEBCAF14-8005-43E5-B85C-41D922C514E1}.Debug|Any CPU.ActiveCfg = Debug|Any CPU
		{AEBCAF14-8005-43E5-B85C-41D922C514E1}.Debug|Any CPU.Build.0 = Debug|Any CPU
		{AEBCAF14-8005-43E5-B85C-41D922C514E1}.Release|Any CPU.ActiveCfg = Release|Any CPU
		{AEBCAF14-8005-43E5-B85C-41D922C514E1}.Release|Any CPU.Build.0 = Release|Any CPU
	EndGlobalSection
	GlobalSection(SolutionProperties) = preSolution
		HideSolutionNode = FALSE
	EndGlobalSection
	GlobalSection(ExtensibilityGlobals) = postSolution
		SolutionGuid = {525DF004-9403-4721-B3D3-E38358DE786B}
	EndGlobalSection
EndGlobal
